
Microsoft Visual Studio Solution File, Format Version 12.00
# Visual Studio Version 16
VisualStudioVersion = 16.0.31515.178
MinimumVisualStudioVersion = 10.0.40219.1
Project("{FAE04EC0-301F-11D3-BF4B-00C04F79EFBC}") = "DesignPatterns", "DesignPatterns\DesignPatterns.csproj", "{5E4CA605-6C56-43F8-B0E5-004B07AC774D}"
EndProject
Global
	GlobalSection(SolutionConfigurationPlatforms) = preSolution
		Debug|Any CPU = Debug|Any CPU
		Release|Any CPU = Release|Any CPU
	EndGlobalSection
	GlobalSection(ProjectConfigurationPlatforms) = postSolution
		{5E4CA605-6C56-43F8-B0E5-004B07AC774D}.Debug|Any CPU.ActiveCfg = Debug|Any CPU
		{5E4CA605-6C56-43F8-B0E5-004B07AC774D}.Debug|Any CPU.Build.0 = Debug|Any CPU
		{5E4CA605-6C56-43F8-B0E5-004B07AC774D}.Release|Any CPU.ActiveCfg = Release|Any CPU
		{5E4CA605-6C56-43F8-B0E5-004B07AC774D}.Release|Any CPU.Build.0 = Release|Any CPU
	EndGlobalSection
	GlobalSection(SolutionProperties) = preSolution
		HideSolutionNode = FALSE
	EndGlobalSection
	GlobalSection(ExtensibilityGlobals) = postSolution
		SolutionGuid = {763AC468-CE6E-43BC-8838-2B8080532A48}
	EndGlobalSection
EndGlobal
